github.com/go-chi/chi/v5 v5.3.2 h1:5YQkICvTCSZ25hoRsyJazN0scjzKGiu4VAUc7H1o1nY=
github.com/go-chi/chi/v5 v5.3.2/go.mod h1:R+tYY2hNuVUUjxoPtqUdgBqevM9s9njzkTLutVsOCto=
github.com/toaweme/cli v0.4.1 h1:5lzVpPSue9512e0tIav/zRc4P4Ki31xxPgsWafnIxK0=
github.com/toaweme/cli v0.4.1/go.mod h1:AhcJ4vUcB2xp5tg8n2iRVmSkAHcSa6ie7a8Cg5WwvhY=
github.com/toaweme/http/server v0.4.0 h1:V/Mp1MYStqWx/Ts1HGXF+YTmfA/Pay8Wk/1wFDW3Btg=
github.com/toaweme/http/server v0.4.0/go.mod h1:T397ag+PyouS+f4UgrIIXuI9sH3ebbmHM5JniS6zunI=
github.com/toaweme/log v0.3.0 h1:ri2mRjmL+26esxxtuHnoHTWBVukqmBTJElKO9zXgrco=
github.com/toaweme/log v0.3.0/go.mod h1:MDocqlOT3Wz7NjvJedW86NwSYewwPOc6eqQMoKYwa00=
github.com/toaweme/structs v0.5.1 h1:NxLPa9w9MledmrMQ318lZplJ/8L79oJd31D8Gs6lyoI=
github.com/toaweme/structs v0.5.1/go.mod h1:baBPdZnvyXWdMgk0M1ksmMnGRE+ShMrh7RFc+Xv7r0Y=
github.com/yuin/goldmark v1.8.6 h1:d0VcaP1sx9GkFVkoW+KtggpGi2KZ965i14b0+bDQST4=
github.com/yuin/goldmark v1.8.6/go.mod h1:ip/1k0VRfGynBgxOz0yCqHrbZXhcjxyuS66Brc7iBKg=
